// !$*UTF8*$!
{
	archiveVersion = 1;
	classes = {
	};
	objectVersion = 56;
	objects = {

/* Begin PBXBuildFile section */
		BD602CA32C5197B800BE8445 /* stemstarApp.swift in Sources */ = {isa = PBXBuildFile; fileRef = BD602CA22C5197B800BE8445 /* stemstarApp.swift */; };
		BD602CA52C5197B800BE8445 /* ContentView.swift in Sources */ = {isa = PBXBuildFile; fileRef = BD602CA42C5197B800BE8445 /* ContentView.swift */; };
		BD602CA72C5197BA00BE8445 /* Assets.xcassets in Resources */ = {isa = PBXBuildFile; fileRef = BD602CA62C5197BA00BE8445 /* Assets.xcassets */; };
		BD602CAA2C5197BA00BE8445 /* Preview Assets.xcassets in Resources */ = {isa = PBXBuildFile; fileRef = BD602CA92C5197BA00BE8445 /* Preview Assets.xcassets */; };
		BD602CB42C5197BA00BE8445 /* stemstarTests.swift in Sources */ = {isa = PBXBuildFile; fileRef = BD602CB32C5197BA00BE8445 /* stemstarTests.swift */; };
		BD602CBE2C5197BA00BE8445 /* stemstarUITests.swift in Sources */ = {isa = PBXBuildFile; fileRef = BD602CBD2C5197BA00BE8445 /* stemstarUITests.swift */; };
		BD602CC02C5197BA00BE8445 /* stemstarUITestsLaunchTests.swift in Sources */ = {isa = PBXBuildFile; fileRef = BD602CBF2C5197BA00BE8445 /* stemstarUITestsLaunchTests.swift */; };
/* End PBXBuildFile section */

/* Begin PBXContainerItemProxy section */
		BD602CB02C5197BA00BE8445 /* PBXContainerItemProxy */ = {
			isa = PBXContainerItemProxy;
			containerPortal = BD602C972C5197B800BE8445 /* Project object */;
			proxyType = 1;
			remoteGlobalIDString = BD602C9E2C5197B800BE8445;
			remoteInfo = stemstar;
		};
		BD602CBA2C5197BA00BE8445 /* PBXContainerItemProxy */ = {
			isa = PBXContainerItemProxy;
			containerPortal = BD602C972C5197B800BE8445 /* Project object */;
			proxyType = 1;
			remoteGlobalIDString = BD602C9E2C5197B800BE8445;
			remoteInfo = stemstar;
		};
/* End PBXContainerItemProxy section */

/* Begin PBXFileReference section */
		BD602C9F2C5197B800BE8445 /* stemstar.app */ = {isa = PBXFileReference; explicitFileType = wrapper.application; includeInIndex = 0; path = stemstar.app; sourceTree = BUILT_PRODUCTS_DIR; };
		BD602CA22C5197B800BE8445 /* stemstarApp.swift */ = {isa = PBXFileReference; lastKnownFileType = sourcecode.swift; path = stemstarApp.swift; sourceTree = "<group>"; };
		BD602CA42C5197B800BE8445 /* ContentView.swift */ = {isa = PBXFileReference; lastKnownFileType = sourcecode.swift; path = ContentView.swift; sourceTree = "<group>"; };
		BD602CA62C5197BA00BE8445 /* Assets.xcassets */ = {isa = PBXFileReference; lastKnownFileType = folder.assetcatalog; path = Assets.xcassets; sourceTree = "<group>"; };
		BD602CA92C5197BA00BE8445 /* Preview Assets.xcassets */ = {isa = PBXFileReference; lastKnownFileType = folder.assetcatalog; path = "Preview Assets.xcassets"; sourceTree = "<group>"; };
		BD602CAF2C5197BA00BE8445 /* stemstarTests.xctest */ = {isa = PBXFileReference; explicitFileType = wrapper.cfbundle; includeInIndex = 0; path = stemstarTests.xctest; sourceTree = BUILT_PRODUCTS_DIR; };
		BD602CB32C5197BA00BE8445 /* stemstarTests.swift */ = {isa = PBXFileReference; lastKnownFileType = sourcecode.swift; path = stemstarTests.swift; sourceTree = "<group>"; };
		BD602CB92C5197BA00BE8445 /* stemstarUITests.xctest */ = {isa = PBXFileReference; explicitFileType = wrapper.cfbundle; includeInIndex = 0; path = stemstarUITests.xctest; sourceTree = BUILT_PRODUCTS_DIR; };
		BD602CBD2C5197BA00BE8445 /* stemstarUITests.swift */ = {isa = PBXFileReference; lastKnownFileType = sourcecode.swift; path = stemstarUITests.swift; sourceTree = "<group>"; };
		BD602CBF2C5197BA00BE8445 /* stemstarUITestsLaunchTests.swift */ = {isa = PBXFileReference; lastKnownFileType = sourcecode.swift; path = stemstarUITestsLaunchTests.swift; sourceTree = "<group>"; };
/* End PBXFileReference section */

/* Begin PBXFrameworksBuildPhase section */
		BD602C9C2C5197B800BE8445 /* Frameworks */ = {
			isa = PBXFrameworksBuildPhase;
			buildActionMask = 2147483647;
			files = (
			);
			runOnlyForDeploymentPostprocessing = 0;
		};
		BD602CAC2C5197BA00BE8445 /* Frameworks */ = {
			isa = PBXFrameworksBuildPhase;
			buildActionMask = 2147483647;
			files = (
			);
			runOnlyForDeploymentPostprocessing = 0;
		};
		BD602CB62C5197BA00BE8445 /* Frameworks */ = {
			isa = PBXFrameworksBuildPhase;
			buildActionMask = 2147483647;
			files = (
			);
			runOnlyForDeploymentPostprocessing = 0;
		};
/* End PBXFrameworksBuildPhase section */

/* Begin PBXGroup section */
		BD602C962C5197B800BE8445 = {
			isa = PBXGroup;
			children = (
				BD602CA12C5197B800BE8445 /* stemstar */,
				BD602CB22C5197BA00BE8445 /* stemstarTests */,
				BD602CBC2C5197BA00BE8445 /* stemstarUITests */,
				BD602CA02C5197B800BE8445 /* Products */,
			);
			sourceTree = "<group>";
		};
		BD602CA02C5197B800BE8445 /* Products */ = {
			isa = PBXGroup;
			children = (
				BD602C9F2C5197B800BE8445 /* stemstar.app */,
				BD602CAF2C5197BA00BE8445 /* stemstarTests.xctest */,
				BD602CB92C5197BA00BE8445 /* stemstarUITests.xctest */,
			);
			name = Products;
			sourceTree = "<group>";
		};
		BD602CA12C5197B800BE8445 /* stemstar */ = {
			isa = PBXGroup;
			children = (
				BD602CA22C5197B800BE8445 /* stemstarApp.swift */,
				BD602CA42C5197B800BE8445 /* ContentView.swift */,
				BD602CA62C5197BA00BE8445 /* Assets.xcassets */,
				BD602CA82C5197BA00BE8445 /* Preview Content */,
			);
			path = stemstar;
			sourceTree = "<group>";
		};
		BD602CA82C5197BA00BE8445 /* Preview Content */ = {
			isa = PBXGroup;
			children = (
				BD602CA92C5197BA00BE8445 /* Preview Assets.xcassets */,
			);
			path = "Preview Content";
			sourceTree = "<group>";
		};
		BD602CB22C5197BA00BE8445 /* stemstarTests */ = {
			isa = PBXGroup;
			children = (
				BD602CB32C5197BA00BE8445 /* stemstarTests.swift */,
			);
			path = stemstarTests;
			sourceTree = "<group>";
		};
		BD602CBC2C5197BA00BE8445 /* stemstarUITests */ = {
			isa = PBXGroup;
			children = (
				BD602CBD2C5197BA00BE8445 /* stemstarUITests.swift */,
				BD602CBF2C5197BA00BE8445 /* stemstarUITestsLaunchTests.swift */,
			);
			path = stemstarUITests;
			sourceTree = "<group>";
		};
/* End PBXGroup section */

/* Begin PBXNativeTarget section */
		BD602C9E2C5197B800BE8445 /* stemstar */ = {
			isa = PBXNativeTarget;
			buildConfigurationList = BD602CC32C5197BA00BE8445 /* Build configuration list for PBXNativeTarget "stemstar" */;
			buildPhases = (
				BD602C9B2C5197B800BE8445 /* Sources */,
				BD602C9C2C5197B800BE8445 /* Frameworks */,
				BD602C9D2C5197B800BE8445 /* Resources */,
			);
			buildRules = (
			);
			dependencies = (
			);
			name = stemstar;
			productName = stemstar;
			productReference = BD602C9F2C5197B800BE8445 /* stemstar.app */;
			productType = "com.apple.product-type.application";
		};
		BD602CAE2C5197BA00BE8445 /* stemstarTests */ = {
			isa = PBXNativeTarget;
			buildConfigurationList = BD602CC62C5197BA00BE8445 /* Build configuration list for PBXNativeTarget "stemstarTests" */;
			buildPhases = (
				BD602CAB2C5197BA00BE8445 /* Sources */,
				BD602CAC2C5197BA00BE8445 /* Frameworks */,
				BD602CAD2C5197BA00BE8445 /* Resources */,
			);
			buildRules = (
			);
			dependencies = (
				BD602CB12C5197BA00BE8445 /* PBXTargetDependency */,
			);
			name = stemstarTests;
			productName = stemstarTests;
			productReference = BD602CAF2C5197BA00BE8445 /* stemstarTests.xctest */;
			productType = "com.apple.product-type.bundle.unit-test";
		};
		BD602CB82C5197BA00BE8445 /* stemstarUITests */ = {
			isa = PBXNativeTarget;
			buildConfigurationList = BD602CC92C5197BA00BE8445 /* Build configuration list for PBXNativeTarget "stemstarUITests" */;
			buildPhases = (
				BD602CB52C5197BA00BE8445 /* Sources */,
				BD602CB62C5197BA00BE8445 /* Frameworks */,
				BD602CB72C5197BA00BE8445 /* Resources */,
			);
			buildRules = (
			);
			dependencies = (
				BD602CBB2C5197BA00BE8445 /* PBXTargetDependency */,
			);
			name = stemstarUITests;
			productName = stemstarUITests;
			productReference = BD602CB92C5197BA00BE8445 /* stemstarUITests.xctest */;
			productType = "com.apple.product-type.bundle.ui-testing";
		};
/* End PBXNativeTarget section */

/* Begin PBXProject section */
		BD602C972C5197B800BE8445 /* Project object */ = {
			isa = PBXProject;
			attributes = {
				BuildIndependentTargetsInParallel = 1;
				LastSwiftUpdateCheck = 1540;
				LastUpgradeCheck = 1540;
				TargetAttributes = {
					BD602C9E2C5197B800BE8445 = {
						CreatedOnToolsVersion = 15.4;
					};
					BD602CAE2C5197BA00BE8445 = {
						CreatedOnToolsVersion = 15.4;
						TestTargetID = BD602C9E2C5197B800BE8445;
					};
					BD602CB82C5197BA00BE8445 = {
						CreatedOnToolsVersion = 15.4;
						TestTargetID = BD602C9E2C5197B800BE8445;
					};
				};
			};
			buildConfigurationList = BD602C9A2C5197B800BE8445 /* Build configuration list for PBXProject "stemstar" */;
			compatibilityVersion = "Xcode 14.0";
			developmentRegion = en;
			hasScannedForEncodings = 0;
			knownRegions = (
				en,
				Base,
			);
			mainGroup = BD602C962C5197B800BE8445;
			productRefGroup = BD602CA02C5197B800BE8445 /* Products */;
			projectDirPath = "";
			projectRoot = "";
			targets = (
				BD602C9E2C5197B800BE8445 /* stemstar */,
				BD602CAE2C5197BA00BE8445 /* stemstarTests */,
				BD602CB82C5197BA00BE8445 /* stemstarUITests */,
			);
		};
/* End PBXProject section */

/* Begin PBXResourcesBuildPhase section */
		BD602C9D2C5197B800BE8445 /* Resources */ = {
			isa = PBXResourcesBuildPhase;
			buildActionMask = 2147483647;
			files = (
				BD602CAA2C5197BA00BE8445 /* Preview Assets.xcassets in Resources */,
				BD602CA72C5197BA00BE8445 /* Assets.xcassets in Resources */,
			);
			runOnlyForDeploymentPostprocessing = 0;
		};
		BD602CAD2C5197BA00BE8445 /* Resources */ = {
			isa = PBXResourcesBuildPhase;
			buildActionMask = 2147483647;
			files = (
			);
			runOnlyForDeploymentPostprocessing = 0;
		};
		BD602CB72C5197BA00BE8445 /* Resources */ = {
			isa = PBXResourcesBuildPhase;
			buildActionMask = 2147483647;
			files = (
			);
			runOnlyForDeploymentPostprocessing = 0;
		};
/* End PBXResourcesBuildPhase section */

/* Begin PBXSourcesBuildPhase section */
		BD602C9B2C5197B800BE8445 /* Sources */ = {
			isa = PBXSourcesBuildPhase;
			buildActionMask = 2147483647;
			files = (
				BD602CA52C5197B800BE8445 /* ContentView.swift in Sources */,
				BD602CA32C5197B800BE8445 /* stemstarApp.swift in Sources */,
			);
			runOnlyForDeploymentPostprocessing = 0;
		};
		BD602CAB2C5197BA00BE8445 /* Sources */ = {
			isa = PBXSourcesBuildPhase;
			buildActionMask = 2147483647;
			files = (
				BD602CB42C5197BA00BE8445 /* stemstarTests.swift in Sources */,
			);
			runOnlyForDeploymentPostprocessing = 0;
		};
		BD602CB52C5197BA00BE8445 /* Sources */ = {
			isa = PBXSourcesBuildPhase;
			buildActionMask = 2147483647;
			files = (
				BD602CC02C5197BA00BE8445 /* stemstarUITestsLaunchTests.swift in Sources */,
				BD602CBE2C5197BA00BE8445 /* stemstarUITests.swift in Sources */,
			);
			runOnlyForDeploymentPostprocessing = 0;
		};
/* End PBXSourcesBuildPhase section */

/* Begin PBXTargetDependency section */
		BD602CB12C5197BA00BE8445 /* PBXTargetDependency */ = {
			isa = PBXTargetDependency;
			target = BD602C9E2C5197B800BE8445 /* stemstar */;
			targetProxy = BD602CB02C5197BA00BE8445 /* PBXContainerItemProxy */;
		};
		BD602CBB2C5197BA00BE8445 /* PBXTargetDependency */ = {
			isa = PBXTargetDependency;
			target = BD602C9E2C5197B800BE8445 /* stemstar */;
			targetProxy = BD602CBA2C5197BA00BE8445 /* PBXContainerItemProxy */;
		};
/* End PBXTargetDependency section */

/* Begin XCBuildConfiguration section */
		BD602CC12C5197BA00BE8445 /* Debug */ = {
			isa = XCBuildConfiguration;
			buildSettings = {
				ALWAYS_SEARCH_USER_PATHS = NO;
				ASSETCATALOG_COMPILER_GENERATE_SWIFT_ASSET_SYMBOL_EXTENSIONS = YES;
				CLANG_ANALYZER_NONNULL = YES;
				CLANG_ANALYZER_NUMBER_OBJECT_CONVERSION = YES_AGGRESSIVE;
				CLANG_CXX_LANGUAGE_STANDARD = "gnu++20";
				CLANG_ENABLE_MODULES = YES;
				CLANG_ENABLE_OBJC_ARC = YES;
				CLANG_ENABLE_OBJC_WEAK = YES;
				CLANG_WARN_BLOCK_CAPTURE_AUTORELEASING = YES;
				CLANG_WARN_BOOL_CONVERSION = YES;
				CLANG_WARN_COMMA = YES;
				CLANG_WARN_CONSTANT_CONVERSION = YES;
				CLANG_WARN_DEPRECATED_OBJC_IMPLEMENTATIONS = YES;
				CLANG_WARN_DIRECT_OBJC_ISA_USAGE = YES_ERROR;
				CLANG_WARN_DOCUMENTATION_COMMENTS = YES;
				CLANG_WARN_EMPTY_BODY = YES;
				CLANG_WARN_ENUM_CONVERSION = YES;
				CLANG_WARN_INFINITE_RECURSION = YES;
				CLANG_WARN_INT_CONVERSION = YES;
				CLANG_WARN_NON_LITERAL_NULL_CONVERSION = YES;
				CLANG_WARN_OBJC_IMPLICIT_RETAIN_SELF = YES;
				CLANG_WARN_OBJC_LITERAL_CONVERSION = YES;
				CLANG_WARN_OBJC_ROOT_CLASS = YES_ERROR;
				CLANG_WARN_QUOTED_INCLUDE_IN_FRAMEWORK_HEADER = YES;
				CLANG_WARN_RANGE_LOOP_ANALYSIS = YES;
				CLANG_WARN_STRICT_PROTOTYPES = YES;
				CLANG_WARN_SUSPICIOUS_MOVE = YES;
				CLANG_WARN_UNGUARDED_AVAILABILITY = YES_AGGRESSIVE;
				CLANG_WARN_UNREACHABLE_CODE = YES;
				CLANG_WARN__DUPLICATE_METHOD_MATCH = YES;
				COPY_PHASE_STRIP = NO;
				DEBUG_INFORMATION_FORMAT = dwarf;
				ENABLE_STRICT_OBJC_MSGSEND = YES;
				ENABLE_TESTABILITY = YES;
				ENABLE_USER_SCRIPT_SANDBOXING = YES;
				GCC_C_LANGUAGE_STANDARD = gnu17;
				GCC_DYNAMIC_NO_PIC = NO;
				GCC_NO_COMMON_BLOCKS = YES;
				GCC_OPTIMIZATION_LEVEL = 0;
				GCC_PREPROCESSOR_DEFINITIONS = (
					"DEBUG=1",
					"$(inherited)",
				);
				GCC_WARN_64_TO_32_BIT_CONVERSION = YES;
				GCC_WARN_ABOUT_RETURN_TYPE = YES_ERROR;
				GCC_WARN_UNDECLARED_SELECTOR = YES;
				GCC_WARN_UNINITIALIZED_AUTOS = YES_AGGRESSIVE;
				GCC_WARN_UNUSED_FUNCTION = YES;
				GCC_WARN_UNUSED_VARIABLE = YES;
				IPHONEOS_DEPLOYMENT_TARGET = 17.5;
				LOCALIZATION_PREFERS_STRING_CATALOGS = YES;
				MTL_ENABLE_DEBUG_INFO = INCLUDE_SOURCE;
				MTL_FAST_MATH = YES;
				ONLY_ACTIVE_ARCH = YES;
				SDKROOT = iphoneos;
				SWIFT_ACTIVE_COMPILATION_CONDITIONS = "DEBUG $(inherited)";
				SWIFT_OPTIMIZATION_LEVEL = "-Onone";
			};
			name = Debug;
		};
		BD602CC22C5197BA00BE8445 /* Release */ = {
			isa = XCBuildConfiguration;
			buildSettings = {
				ALWAYS_SEARCH_USER_PATHS = NO;
				ASSETCATALOG_COMPILER_GENERATE_SWIFT_ASSET_SYMBOL_EXTENSIONS = YES;
				CLANG_ANALYZER_NONNULL = YES;
				CLANG_ANALYZER_NUMBER_OBJECT_CONVERSION = YES_AGGRESSIVE;
				CLANG_CXX_LANGUAGE_STANDARD = "gnu++20";
				CLANG_ENABLE_MODULES = YES;
				CLANG_ENABLE_OBJC_ARC = YES;
				CLANG_ENABLE_OBJC_WEAK = YES;
				CLANG_WARN_BLOCK_CAPTURE_AUTORELEASING = YES;
				CLANG_WARN_BOOL_CONVERSION = YES;
				CLANG_WARN_COMMA = YES;
				CLANG_WARN_CONSTANT_CONVERSION = YES;
				CLANG_WARN_DEPRECATED_OBJC_IMPLEMENTATIONS = YES;
				CLANG_WARN_DIRECT_OBJC_ISA_USAGE = YES_ERROR;
				CLANG_WARN_DOCUMENTATION_COMMENTS = YES;
				CLANG_WARN_EMPTY_BODY = YES;
				CLANG_WARN_ENUM_CONVERSION = YES;
				CLANG_WARN_INFINITE_RECURSION = YES;
				CLANG_WARN_INT_CONVERSION = YES;
				CLANG_WARN_NON_LITERAL_NULL_CONVERSION = YES;
				CLANG_WARN_OBJC_IMPLICIT_RETAIN_SELF = YES;
				CLANG_WARN_OBJC_LITERAL_CONVERSION = YES;
				CLANG_WARN_OBJC_ROOT_CLASS = YES_ERROR;
				CLANG_WARN_QUOTED_INCLUDE_IN_FRAMEWORK_HEADER = YES;
				CLANG_WARN_RANGE_LOOP_ANALYSIS = YES;
				CLANG_WARN_STRICT_PROTOTYPES = YES;
				CLANG_WARN_SUSPICIOUS_MOVE = YES;
				CLANG_WARN_UNGUARDED_AVAILABILITY = YES_AGGRESSIVE;
				CLANG_WARN_UNREACHABLE_CODE = YES;
				CLANG_WARN__DUPLICATE_METHOD_MATCH = YES;
				COPY_PHASE_STRIP = NO;
				DEBUG_INFORMATION_FORMAT = "dwarf-with-dsym";
				ENABLE_NS_ASSERTIONS = NO;
				ENABLE_STRICT_OBJC_MSGSEND = YES;
				ENABLE_USER_SCRIPT_SANDBOXING = YES;
				GCC_C_LANGUAGE_STANDARD = gnu17;
				GCC_NO_COMMON_BLOCKS = YES;
				GCC_WARN_64_TO_32_BIT_CONVERSION = YES;
				GCC_WARN_ABOUT_RETURN_TYPE = YES_ERROR;
				GCC_WARN_UNDECLARED_SELECTOR = YES;
				GCC_WARN_UNINITIALIZED_AUTOS = YES_AGGRESSIVE;
				GCC_WARN_UNUSED_FUNCTION = YES;
				GCC_WARN_UNUSED_VARIABLE = YES;
				IPHONEOS_DEPLOYMENT_TARGET = 17.5;
				LOCALIZATION_PREFERS_STRING_CATALOGS = YES;
				MTL_ENABLE_DEBUG_INFO = NO;
				MTL_FAST_MATH = YES;
				SDKROOT = iphoneos;
				SWIFT_COMPILATION_MODE = wholemodule;
				VALIDATE_PRODUCT = YES;
			};
			name = Release;
		};
		BD602CC42C5197BA00BE8445 /* Debug */ = {
			isa = XCBuildConfiguration;
			buildSettings = {
				ASSETCATALOG_COMPILER_APPICON_NAME = AppIcon;
				ASSETCATALOG_COMPILER_GLOBAL_ACCENT_COLOR_NAME = AccentColor;
				CODE_SIGN_STYLE = Automatic;
				CURRENT_PROJECT_VERSION = 1;
				DEVELOPMENT_ASSET_PATHS = "\"stemstar/Preview Content\"";
				ENABLE_PREVIEWS = YES;
				GENERATE_INFOPLIST_FILE = YES;
				INFOPLIST_KEY_UIApplicationSceneManifest_Generation = YES;
				INFOPLIST_KEY_UIApplicationSupportsIndirectInputEvents = YES;
				INFOPLIST_KEY_UILaunchScreen_Generation = YES;
				INFOPLIST_KEY_UISupportedInterfaceOrientations_iPad = "UIInterfaceOrientationPortrait UIInterfaceOrientationPortraitUpsideDown UIInterfaceOrientationLandscapeLeft UIInterfaceOrientationLandscapeRight";
				INFOPLIST_KEY_UISupportedInterfaceOrientations_iPhone = "UIInterfaceOrientationPortrait UIInterfaceOrientationLandscapeLeft UIInterfaceOrientationLandscapeRight";
				LD_RUNPATH_SEARCH_PATHS = (
					"$(inherited)",
					"@executable_path/Frameworks",
				);
				MARKETING_VERSION = 1.0;
				PRODUCT_BUNDLE_IDENTIFIER = KWK.stemstar;
				PRODUCT_NAME = "$(TARGET_NAME)";
				SWIFT_EMIT_LOC_STRINGS = YES;
				SWIFT_VERSION = 5.0;
				TARGETED_DEVICE_FAMILY = "1,2";
			};
			name = Debug;
		};
		BD602CC52C5197BA00BE8445 /* Release */ = {
			isa = XCBuildConfiguration;
			buildSettings = {
				ASSETCATALOG_COMPILER_APPICON_NAME = AppIcon;
				ASSETCATALOG_COMPILER_GLOBAL_ACCENT_COLOR_NAME = AccentColor;
				CODE_SIGN_STYLE = Automatic;
				CURRENT_PROJECT_VERSION = 1;
				DEVELOPMENT_ASSET_PATHS = "\"stemstar/Preview Content\"";
				ENABLE_PREVIEWS = YES;
				GENERATE_INFOPLIST_FILE = YES;
				INFOPLIST_KEY_UIApplicationSceneManifest_Generation = YES;
				INFOPLIST_KEY_UIApplicationSupportsIndirectInputEvents = YES;
				INFOPLIST_KEY_UILaunchScreen_Generation = YES;
				INFOPLIST_KEY_UISupportedInterfaceOrientations_iPad = "UIInterfaceOrientationPortrait UIInterfaceOrientationPortraitUpsideDown UIInterfaceOrientationLandscapeLeft UIInterfaceOrientationLandscapeRight";
				INFOPLIST_KEY_UISupportedInterfaceOrientations_iPhone = "UIInterfaceOrientationPortrait UIInterfaceOrientationLandscapeLeft UIInterfaceOrientationLandscapeRight";
				LD_RUNPATH_SEARCH_PATHS = (
					"$(inherited)",
					"@executable_path/Frameworks",
				);
				MARKETING_VERSION = 1.0;
				PRODUCT_BUNDLE_IDENTIFIER = KWK.stemstar;
				PRODUCT_NAME = "$(TARGET_NAME)";
				SWIFT_EMIT_LOC_STRINGS = YES;
				SWIFT_VERSION = 5.0;
				TARGETED_DEVICE_FAMILY = "1,2";
			};
			name = Release;
		};
		BD602CC72C5197BA00BE8445 /* Debug */ = {
			isa = XCBuildConfiguration;
			buildSettings = {
				ALWAYS_EMBED_SWIFT_STANDARD_LIBRARIES = YES;
				BUNDLE_LOADER = "$(TEST_HOST)";
				CODE_SIGN_STYLE = Automatic;
				CURRENT_PROJECT_VERSION = 1;
				GENERATE_INFOPLIST_FILE = YES;
				IPHONEOS_DEPLOYMENT_TARGET = 17.5;
				MARKETING_VERSION = 1.0;
				PRODUCT_BUNDLE_IDENTIFIER = KWK.stemstarTests;
				PRODUCT_NAME = "$(TARGET_NAME)";
				SWIFT_EMIT_LOC_STRINGS = NO;
				SWIFT_VERSION = 5.0;
				TARGETED_DEVICE_FAMILY = "1,2";
				TEST_HOST = "$(BUILT_PRODUCTS_DIR)/stemstar.app/$(BUNDLE_EXECUTABLE_FOLDER_PATH)/stemstar";
			};
			name = Debug;
		};
		BD602CC82C5197BA00BE8445 /* Release */ = {
			isa = XCBuildConfiguration;
			buildSettings = {
				ALWAYS_EMBED_SWIFT_STANDARD_LIBRARIES = YES;
				BUNDLE_LOADER = "$(TEST_HOST)";
				CODE_SIGN_STYLE = Automatic;
				CURRENT_PROJECT_VERSION = 1;
				GENERATE_INFOPLIST_FILE = YES;
				IPHONEOS_DEPLOYMENT_TARGET = 17.5;
				MARKETING_VERSION = 1.0;
				PRODUCT_BUNDLE_IDENTIFIER = KWK.stemstarTests;
				PRODUCT_NAME = "$(TARGET_NAME)";
				SWIFT_EMIT_LOC_STRINGS = NO;
				SWIFT_VERSION = 5.0;
				TARGETED_DEVICE_FAMILY = "1,2";
				TEST_HOST = "$(BUILT_PRODUCTS_DIR)/stemstar.app/$(BUNDLE_EXECUTABLE_FOLDER_PATH)/stemstar";
			};
			name = Release;
		};
		BD602CCA2C5197BA00BE8445 /* Debug */ = {
			isa = XCBuildConfiguration;
			buildSettings = {
				ALWAYS_EMBED_SWIFT_STANDARD_LIBRARIES = YES;
				CODE_SIGN_STYLE = Automatic;
				CURRENT_PROJECT_VERSION = 1;
				GENERATE_INFOPLIST_FILE = YES;
				MARKETING_VERSION = 1.0;
				PRODUCT_BUNDLE_IDENTIFIER = KWK.stemstarUITests;
				PRODUCT_NAME = "$(TARGET_NAME)";
				SWIFT_EMIT_LOC_STRINGS = NO;
				SWIFT_VERSION = 5.0;
				TARGETED_DEVICE_FAMILY = "1,2";
				TEST_TARGET_NAME = stemstar;
			};
			name = Debug;
		};
		BD602CCB2C5197BA00BE8445 /* Release */ = {
			isa = XCBuildConfiguration;
			buildSettings = {
				ALWAYS_EMBED_SWIFT_STANDARD_LIBRARIES = YES;
				CODE_SIGN_STYLE = Automatic;
				CURRENT_PROJECT_VERSION = 1;
				GENERATE_INFOPLIST_FILE = YES;
				MARKETING_VERSION = 1.0;
				PRODUCT_BUNDLE_IDENTIFIER = KWK.stemstarUITests;
				PRODUCT_NAME = "$(TARGET_NAME)";
				SWIFT_EMIT_LOC_STRINGS = NO;
				SWIFT_VERSION = 5.0;
				TARGETED_DEVICE_FAMILY = "1,2";
				TEST_TARGET_NAME = stemstar;
			};
			name = Release;
		};
/* End XCBuildConfiguration section */

/* Begin XCConfigurationList section */
		BD602C9A2C5197B800BE8445 /* Build configuration list for PBXProject "stemstar" */ = {
			isa = XCConfigurationList;
			buildConfigurations = (
				BD602CC12C5197BA00BE8445 /* Debug */,
				BD602CC22C5197BA00BE8445 /* Release */,
			);
			defaultConfigurationIsVisible = 0;
			defaultConfigurationName = Release;
		};
		BD602CC32C5197BA00BE8445 /* Build configuration list for PBXNativeTarget "stemstar" */ = {
			isa = XCConfigurationList;
			buildConfigurations = (
				BD602CC42C5197BA00BE8445 /* Debug */,
				BD602CC52C5197BA00BE8445 /* Release */,
			);
			defaultConfigurationIsVisible = 0;
			defaultConfigurationName = Release;
		};
		BD602CC62C5197BA00BE8445 /* Build configuration list for PBXNativeTarget "stemstarTests" */ = {
			isa = XCConfigurationList;
			buildConfigurations = (
				BD602CC72C5197BA00BE8445 /* Debug */,
				BD602CC82C5197BA00BE8445 /* Release */,
			);
			defaultConfigurationIsVisible = 0;
			defaultConfigurationName = Release;
		};
		BD602CC92C5197BA00BE8445 /* Build configuration list for PBXNativeTarget "stemstarUITests" */ = {
			isa = XCConfigurationList;
			buildConfigurations = (
				BD602CCA2C5197BA00BE8445 /* Debug */,
				BD602CCB2C5197BA00BE8445 /* Release */,
			);
			defaultConfigurationIsVisible = 0;
			defaultConfigurationName = Release;
		};
/* End XCConfigurationList section */
	};
	rootObject = BD602C972C5197B800BE8445 /* Project object */;
}
